PODS:
  - JSONJoy-Swift (2.0.0)
  - Recast.AI (0.1.0):
    - JSONJoy-Swift
    - SwiftHTTP
  - SwiftHTTP (1.0.4)

DEPENDENCIES:
  - JSONJoy-Swift
  - Recast.AI (from `../`)
  - SwiftHTTP

EXTERNAL SOURCES:
  Recast.AI:
    :path: ../

SPEC CHECKSUMS:
  JSONJoy-Swift: 9dc31dfb9e551c3ae7781513a86e369598102653
  Recast.AI: 8b75f7975408a4c5ad7b0af2a8d318cff2de0f5e
  SwiftHTTP: 7e084af3bf628b17589c7b61a9df8750947a9813

COCOAPODS: 0.39.0
