PODS:
  - Alamofire (4.0.1)
  - JSONJoy-Swift (2.1.0)
  - Nimble (5.1.1)
  - Quick (0.10.0)
  - RecastAI (2.2):
    - Alamofire
    - JSONJoy-Swift

DEPENDENCIES:
  - Alamofire
  - JSONJoy-Swift
  - Nimble
  - Quick
  - RecastAI (from `../`)

EXTERNAL SOURCES:
  RecastAI:
    :path: "../"

SPEC CHECKSUMS:
  Alamofire: 7682d43245de14874acd142ec137b144aa1dd335
  JSONJoy-Swift: aad55442c58187579eea0790080041b3ba255f05
  Nimble: 415e3aa3267e7bc2c96b05fa814ddea7bb686a29
  Quick: 5d290df1c69d5ee2f0729956dcf0fd9a30447eaa
  RecastAI: ca26de735a9e7fdd80b4961c96fc341909e638f9

PODFILE CHECKSUM: 40bf6d7f0e384c3edd77db6728483cea2f8b2741

COCOAPODS: 1.2.0.beta.1
