PODS:
  - Alamofire (4.0.0)
  - RecastAI (2.1.1):
    - Alamofire

DEPENDENCIES:
  - Alamofire
  - RecastAI (from `../`)

EXTERNAL SOURCES:
  RecastAI:
    :path: "../"

SPEC CHECKSUMS:
  Alamofire: fef59f00388f267e52d9b432aa5d93dc97190f14
  RecastAI: 8d72580dcc958cea558449fa5f6c0e7b9916f1e3

PODFILE CHECKSUM: 2fb1ae63b7b05465ca6e15e6d7c1d80c340020d7

COCOAPODS: 1.0.1
